github.com/grandjam/wowchemy-hugo-modules/wowchemy v0.0.0-20210507004331-8b6eef9da40a h1:6uU9jLoVVhCGhZzI3To6fbwdip4fkww+xgIXyNDrzrE=
github.com/grandjam/wowchemy-hugo-modules/wowchemy v0.0.0-20210507004331-8b6eef9da40a/go.mod h1:rvErAtFJF6XyWpp1lvfyIOCbFiUSmU04+aqMUvFUOTE=
github.com/grandjam/wowchemy-widget-cards v0.0.0-20210509204640-c0b7965c2277 h1:YNaIT24uljpWM3xDg7Kg6+VQlMzgi0/7vfFUEFsn9TI=
github.com/grandjam/wowchemy-widget-cards v0.0.0-20210509204640-c0b7965c2277/go.mod h1:zKQEUVXUk0IWsALgTsuPgEmB0hDYXypm9NCpIxhLStc=
github.com/grandjam/wowchemy-widget-summaryCards v0.0.0-20210510012234-4d89dad12d76 h1:hAOf0uzUC30zaT4LsuZjWiRprYorAoTFtUdZq4EIoGQ=
github.com/grandjam/wowchemy-widget-summaryCards v0.0.0-20210510012234-4d89dad12d76/go.mod h1:HTH+eYO5dCgnoUOTGl+D9oBNxgCJNNghT6ZnR61DHF8=
github.com/grandjam/wowchemy-widget-summaryCards v0.0.0-20210510014659-15045513ead1 h1:sAo4rKy1jkvJ0vtJUOVz1wSOFyaIKmYt2mJL5oBMxP0=
github.com/grandjam/wowchemy-widget-summaryCards v0.0.0-20210510014659-15045513ead1/go.mod h1:HTH+eYO5dCgnoUOTGl+D9oBNxgCJNNghT6ZnR61DHF8=
github.com/grandjam/wowchemy-widget-summaryCards v0.0.0-20210510155403-611d248b6aee h1:fJMUq77JzWBeGVVxxEIoR7PE6qkHDjrX33eBchGlbFA=
github.com/grandjam/wowchemy-widget-summaryCards v0.0.0-20210510155403-611d248b6aee/go.mod h1:HTH+eYO5dCgnoUOTGl+D9oBNxgCJNNghT6ZnR61DHF8=
github.com/grandjam/wowchemy-widget-summaryCards v0.0.0-20210510160822-c2e3ef8c43e5 h1:zwZncY/UQ8OBpu/3BJouKJQhtxPoCZImeDI4hpcEHqc=
github.com/grandjam/wowchemy-widget-summaryCards v0.0.0-20210510160822-c2e3ef8c43e5/go.mod h1:HTH+eYO5dCgnoUOTGl+D9oBNxgCJNNghT6ZnR61DHF8=
github.com/grandjam/wowchemy-widget-summaryCards v0.0.0-20210510160950-2aaa80c173fc h1:rldVHkR7AUrIZJCHVSbeQiVSHx6/hLmXev/V6hQzQQU=
github.com/grandjam/wowchemy-widget-summaryCards v0.0.0-20210510160950-2aaa80c173fc/go.mod h1:HTH+eYO5dCgnoUOTGl+D9oBNxgCJNNghT6ZnR61DHF8=
github.com/grandjam/wowchemy-widget-summaryCards v0.0.0-20210510171320-14c86ce0206b h1:2WAdzcX5Oh3awLi4lN1VU6BId/W8yWK+8y6wVaKo75w=
github.com/grandjam/wowchemy-widget-summaryCards v0.0.0-20210510171320-14c86ce0206b/go.mod h1:HTH+eYO5dCgnoUOTGl+D9oBNxgCJNNghT6ZnR61DHF8=
github.com/grandjam/wowchemy-widget-summaryCards v0.0.0-20210510171519-a229e644db14 h1:b1w13Gfyg9MlGTAiaBCMaOf/q7sesmpIr6Rp6AOZcEQ=
github.com/grandjam/wowchemy-widget-summaryCards v0.0.0-20210510171519-a229e644db14/go.mod h1:HTH+eYO5dCgnoUOTGl+D9oBNxgCJNNghT6ZnR61DHF8=
github.com/grandjam/wowchemy-widget-summaryCards v0.0.0-20210510172303-0698204ea87d h1:UU8nnXcmiALNFM5qc2N0k+2Wo2NUmM4s9iQcvC1Xafo=
github.com/grandjam/wowchemy-widget-summaryCards v0.0.0-20210510172303-0698204ea87d/go.mod h1:HTH+eYO5dCgnoUOTGl+D9oBNxgCJNNghT6ZnR61DHF8=
github.com/grandjam/wowchemy-widget-summaryCards v0.0.0-20210510182353-d4be6509a9a6 h1:+QV5FmBI1SlsQ2s+1Psi0rHByqR6bgLGAz6aKQkgnE4=
github.com/grandjam/wowchemy-widget-summaryCards v0.0.0-20210510182353-d4be6509a9a6/go.mod h1:HTH+eYO5dCgnoUOTGl+D9oBNxgCJNNghT6ZnR61DHF8=
github.com/grandjam/wowchemy-widget-summaryCards v0.0.0-20210510182529-a6f3d46c4ddb h1:jP9E+Bb5El7KE6clpcXw2Kyf0Wp38+NzFW21VK/2noo=
github.com/grandjam/wowchemy-widget-summaryCards v0.0.0-20210510182529-a6f3d46c4ddb/go.mod h1:HTH+eYO5dCgnoUOTGl+D9oBNxgCJNNghT6ZnR61DHF8=
github.com/grandjam/wowchemy-widget-summaryCards v0.0.0-20210510183921-a0c83438a683 h1:rFMLOlyXBWNOXqhDZeZytodRmuPVDPfO6OsdavRi02E=
github.com/grandjam/wowchemy-widget-summaryCards v0.0.0-20210510183921-a0c83438a683/go.mod h1:HTH+eYO5dCgnoUOTGl+D9oBNxgCJNNghT6ZnR61DHF8=
github.com/grandjam/wowchemy-widget-summaryCards v0.0.0-20210510190837-7355a52b4b6e h1:wWwDcbvWIFhLr4UJ/ApuPYbokZkDCHWOu2HxGaSWxsc=
github.com/grandjam/wowchemy-widget-summaryCards v0.0.0-20210510190837-7355a52b4b6e/go.mod h1:HTH+eYO5dCgnoUOTGl+D9oBNxgCJNNghT6ZnR61DHF8=
github.com/grandjam/wowchemy-widget-summaryCards v0.0.0-20210510191223-fb1d908a06fb h1:OjG+cBpFarpa4iA+TmBgWUkVYDR39F1fijzx8/7jlGE=
github.com/grandjam/wowchemy-widget-summaryCards v0.0.0-20210510191223-fb1d908a06fb/go.mod h1:HTH+eYO5dCgnoUOTGl+D9oBNxgCJNNghT6ZnR61DHF8=
github.com/grandjam/wowchemy-widget-summaryCards v0.0.0-20210510192249-53a019a503cc h1:UxYoS+QPWDue+r8q4R2PuwGsQh/fGtwbGx0hw5zKU/o=
github.com/grandjam/wowchemy-widget-summaryCards v0.0.0-20210510192249-53a019a503cc/go.mod h1:HTH+eYO5dCgnoUOTGl+D9oBNxgCJNNghT6ZnR61DHF8=
github.com/grandjam/wowchemy-widget-summaryCards v0.0.0-20210510211536-5d0f00631f08 h1:ADP7TNfeyyNKBJUyONP4r5b4Rny5/gnD50lyAJjIyPc=
github.com/grandjam/wowchemy-widget-summaryCards v0.0.0-20210510211536-5d0f00631f08/go.mod h1:HTH+eYO5dCgnoUOTGl+D9oBNxgCJNNghT6ZnR61DHF8=
github.com/grandjam/wowchemy-widget-summaryCards v0.0.0-20210510212044-89e9743f0a70 h1:jI/vkpLhxKtLEZCz17DF6s69UFiC4p+HeljpADb3xX4=
github.com/grandjam/wowchemy-widget-summaryCards v0.0.0-20210510212044-89e9743f0a70/go.mod h1:HTH+eYO5dCgnoUOTGl+D9oBNxgCJNNghT6ZnR61DHF8=
github.com/grandjam/wowchemy-widget-summaryCards v0.0.0-20210510212224-e41d8e59ca5d h1:2dmFpDGrB6jbRh+fmVjyQ+afj18Evwjeh1j84gmvxC4=
github.com/grandjam/wowchemy-widget-summaryCards v0.0.0-20210510212224-e41d8e59ca5d/go.mod h1:HTH+eYO5dCgnoUOTGl+D9oBNxgCJNNghT6ZnR61DHF8=
github.com/grandjam/wowchemy-widget-summaryCards v0.0.0-20210511003522-8810ebca8f0c h1:StJPeEzPS4J8i7cjuHfRamO0m3my4ubiWd7FjZ3e1W4=
github.com/grandjam/wowchemy-widget-summaryCards v0.0.0-20210511003522-8810ebca8f0c/go.mod h1:HTH+eYO5dCgnoUOTGl+D9oBNxgCJNNghT6ZnR61DHF8=
github.com/grandjam/wowchemy-widget-summaryCards v0.0.0-20210511030245-74d486aab1c6 h1:D9FL1344qGf406QRhTZ+KuxFUfx/eaSxJyeKk0Zps44=
github.com/grandjam/wowchemy-widget-summaryCards v0.0.0-20210511030245-74d486aab1c6/go.mod h1:HTH+eYO5dCgnoUOTGl+D9oBNxgCJNNghT6ZnR61DHF8=
github.com/grandjam/wowchemy-widget-summaryCards v0.0.0-20210511034633-a9ae8dbb492e h1:viXQO0GZl25xwfSjX78g/9Dmv9D5kwAGtbgJKTe0+tU=
github.com/grandjam/wowchemy-widget-summaryCards v0.0.0-20210511034633-a9ae8dbb492e/go.mod h1:HTH+eYO5dCgnoUOTGl+D9oBNxgCJNNghT6ZnR61DHF8=
github.com/grandjam/wowchemy-widget-summaryCards v0.0.0-20210511035044-f7f10bc99b6a h1:KFbINAsLXOTPYbABsXEU2eHEb79O9Vhgn+Bkxc978YM=
github.com/grandjam/wowchemy-widget-summaryCards v0.0.0-20210511035044-f7f10bc99b6a/go.mod h1:HTH+eYO5dCgnoUOTGl+D9oBNxgCJNNghT6ZnR61DHF8=
github.com/grandjam/wowchemy-widget-summaryCards v0.0.0-20210511043245-5eb0430fdf0e h1:mGykpLgZTAyWkHm4RI2wPhSS8hqA88GjfpoNsc7mNMc=
github.com/grandjam/wowchemy-widget-summaryCards v0.0.0-20210511043245-5eb0430fdf0e/go.mod h1:HTH+eYO5dCgnoUOTGl+D9oBNxgCJNNghT6ZnR61DHF8=
github.com/grandjam/wowchemy-widget-summaryCards v0.0.0-20210511043549-9db273a5f97e h1:lduBRqU/LH+50o8+nqZw1MEmAo0TQKpNxK8clUuwXKc=
github.com/grandjam/wowchemy-widget-summaryCards v0.0.0-20210511043549-9db273a5f97e/go.mod h1:HTH+eYO5dCgnoUOTGl+D9oBNxgCJNNghT6ZnR61DHF8=
github.com/grandjam/wowchemy-widget-summaryCards v0.0.0-20210511044108-cf07a63b3ee6 h1:1/oH6OzZRbKzSFRaTxncCvRbyQYebV+2Xnw04GrpbiI=
github.com/grandjam/wowchemy-widget-summaryCards v0.0.0-20210511044108-cf07a63b3ee6/go.mod h1:HTH+eYO5dCgnoUOTGl+D9oBNxgCJNNghT6ZnR61DHF8=
github.com/grandjam/wowchemy-widget-summaryCards v0.0.0-20210511044542-d65dc998fc6d h1:plsjh2cf3P6dwaVHPm3ipn37HrSctHA2SL7udChpj9I=
github.com/grandjam/wowchemy-widget-summaryCards v0.0.0-20210511044542-d65dc998fc6d/go.mod h1:HTH+eYO5dCgnoUOTGl+D9oBNxgCJNNghT6ZnR61DHF8=
github.com/grandjam/wowchemy-widget-summaryCards v0.0.0-20210511045242-e189b1198dac h1:DY5H/IzGSogC4Cu2qg6nzI4l5UQyJt8GgI/S3z7fGy4=
github.com/grandjam/wowchemy-widget-summaryCards v0.0.0-20210511045242-e189b1198dac/go.mod h1:HTH+eYO5dCgnoUOTGl+D9oBNxgCJNNghT6ZnR61DHF8=
github.com/grandjam/wowchemy-widget-summaryCards v0.0.0-20210511045537-879d00b01af5 h1:Xk/DkjhE3nRxsyRUfcEG1wTj8HvHLt8CwWzvIz6qg/Y=
github.com/grandjam/wowchemy-widget-summaryCards v0.0.0-20210511045537-879d00b01af5/go.mod h1:HTH+eYO5dCgnoUOTGl+D9oBNxgCJNNghT6ZnR61DHF8=
github.com/grandjam/wowchemy-widget-summaryCards v0.0.0-20210511050239-b61504f902e8 h1:dO7O+cR5QRE8TLY7uwUM6WIGHwnELdmbkCwgpsowVm4=
github.com/grandjam/wowchemy-widget-summaryCards v0.0.0-20210511050239-b61504f902e8/go.mod h1:HTH+eYO5dCgnoUOTGl+D9oBNxgCJNNghT6ZnR61DHF8=
github.com/grandjam/wowchemy-widget-summaryCards v0.0.0-20210511190259-9837dc57994b h1:1N4QgXQDEZaOyGKJiuY5BZTtKQySAmbc18FJvFrYW7g=
github.com/grandjam/wowchemy-widget-summaryCards v0.0.0-20210511190259-9837dc57994b/go.mod h1:HTH+eYO5dCgnoUOTGl+D9oBNxgCJNNghT6ZnR61DHF8=
github.com/grandjam/wowchemy-widget-summaryCards v0.0.0-20210511190653-c83bcef92465 h1:xEP0q30vQM9RzLj+g84tIk0Xdtm2iNrSFfbL1pyqZa8=
github.com/grandjam/wowchemy-widget-summaryCards v0.0.0-20210511190653-c83bcef92465/go.mod h1:HTH+eYO5dCgnoUOTGl+D9oBNxgCJNNghT6ZnR61DHF8=
github.com/grandjam/wowchemy-widget-summaryCards v0.0.0-20210511190925-ebeb21ac415c h1:IacFRrDVwQdj41PKySO21jEKet65SjV6zEVBE1fNW6k=
github.com/grandjam/wowchemy-widget-summaryCards v0.0.0-20210511190925-ebeb21ac415c/go.mod h1:HTH+eYO5dCgnoUOTGl+D9oBNxgCJNNghT6ZnR61DHF8=
github.com/grandjam/wowchemy-widget-summaryCards v0.0.0-20210511191407-d87a900f6546 h1:bI5zfxW/rytinwxIHh8r7wOnznptDzOcDbFEck/My+A=
github.com/grandjam/wowchemy-widget-summaryCards v0.0.0-20210511191407-d87a900f6546/go.mod h1:HTH+eYO5dCgnoUOTGl+D9oBNxgCJNNghT6ZnR61DHF8=
github.com/grandjam/wowchemy-widget-summaryCards v0.0.0-20210511191532-2706b4d4cbca h1:q+6WNSqmU5yx6MUpcYVBIsXhPdLyE9vkDSDJiBCPzKM=
github.com/grandjam/wowchemy-widget-summaryCards v0.0.0-20210511191532-2706b4d4cbca/go.mod h1:HTH+eYO5dCgnoUOTGl+D9oBNxgCJNNghT6ZnR61DHF8=
github.com/grandjam/wowchemy-widget-summaryCards v0.0.0-20210511191704-5b5f4ba9feff h1:BqSafxirNJc3yAwz8HCV+ImMZqZAF1wQq8rwBkhMemk=
github.com/grandjam/wowchemy-widget-summaryCards v0.0.0-20210511191704-5b5f4ba9feff/go.mod h1:HTH+eYO5dCgnoUOTGl+D9oBNxgCJNNghT6ZnR61DHF8=
github.com/grandjam/wowchemy-widget-summaryCards v0.0.0-20210511192114-8f868489cd09 h1:u4epEK2PSDMAdh3SPrpoLeR9lkVXDIc+DwAerz2aD84=
github.com/grandjam/wowchemy-widget-summaryCards v0.0.0-20210511192114-8f868489cd09/go.mod h1:HTH+eYO5dCgnoUOTGl+D9oBNxgCJNNghT6ZnR61DHF8=
github.com/grandjam/wowchemy-widget-summaryCards v0.0.0-20210511195545-15ed5e43e437 h1:c6p01Q8Eup5lVbgIZoXrvPO5gPSAsb+RobE3DOkG9co=
github.com/grandjam/wowchemy-widget-summaryCards v0.0.0-20210511195545-15ed5e43e437/go.mod h1:HTH+eYO5dCgnoUOTGl+D9oBNxgCJNNghT6ZnR61DHF8=
github.com/grandjam/wowchemy-widget-summaryCards v0.0.0-20210511195804-32427fcc862f h1:AVxBL1/u1wjv2pRpzLa4b+JJtWOeQCSGy1QVUm6OyrE=
github.com/grandjam/wowchemy-widget-summaryCards v0.0.0-20210511195804-32427fcc862f/go.mod h1:HTH+eYO5dCgnoUOTGl+D9oBNxgCJNNghT6ZnR61DHF8=
github.com/grandjam/wowchemy-widget-summaryCards v0.0.0-20210511200013-22dd110de577 h1:1Pe5/YRsyzE6C91QMgT7MDZYqwZ8x6aB5hE0v2VTPZE=
github.com/grandjam/wowchemy-widget-summaryCards v0.0.0-20210511200013-22dd110de577/go.mod h1:HTH+eYO5dCgnoUOTGl+D9oBNxgCJNNghT6ZnR61DHF8=
github.com/grandjam/wowchemy-widget-summaryCards v0.0.0-20210511200142-1e71e1ff8a49 h1:g6ssyL9apvUCvqwSAeOvScmhMjweNl3bodsoBgDMYjI=
github.com/grandjam/wowchemy-widget-summaryCards v0.0.0-20210511200142-1e71e1ff8a49/go.mod h1:HTH+eYO5dCgnoUOTGl+D9oBNxgCJNNghT6ZnR61DHF8=
github.com/grandjam/wowchemy-widget-summaryCards v0.0.0-20210511200531-792e290adff9 h1:wP/Y+qIEOOccCi5nyg1Jbg/h0S1xBBKtToHhJgzV5a0=
github.com/grandjam/wowchemy-widget-summaryCards v0.0.0-20210511200531-792e290adff9/go.mod h1:HTH+eYO5dCgnoUOTGl+D9oBNxgCJNNghT6ZnR61DHF8=
github.com/grandjam/wowchemy-widget-summaryCards v0.0.0-20210511201938-1306ded130d7 h1:i8mmyZY4k9qIaDcxbIA3rGa8DEKzLtP5X/flM/0w010=
github.com/grandjam/wowchemy-widget-summaryCards v0.0.0-20210511201938-1306ded130d7/go.mod h1:HTH+eYO5dCgnoUOTGl+D9oBNxgCJNNghT6ZnR61DHF8=
github.com/grandjam/wowchemy-widget-summaryCards v0.0.0-20210511203124-f6d956820464 h1:MwCp4UKGJzz0T2NFxKHh+AUjzHU2LWlNLieoy6GdrPk=
github.com/grandjam/wowchemy-widget-summaryCards v0.0.0-20210511203124-f6d956820464/go.mod h1:HTH+eYO5dCgnoUOTGl+D9oBNxgCJNNghT6ZnR61DHF8=
github.com/grandjam/wowchemy-widget-summaryCards v0.0.0-20210512011430-eb9a778ef527 h1:ZJ1NNgBztjGzo5eZ3lFaPGhGoj5FXyNgCWrN4cCXnPM=
github.com/grandjam/wowchemy-widget-summaryCards v0.0.0-20210512011430-eb9a778ef527/go.mod h1:HTH+eYO5dCgnoUOTGl+D9oBNxgCJNNghT6ZnR61DHF8=
github.com/grandjam/wowchemy-widget-summaryCards v0.0.0-20210512011555-c150e419ab94 h1:Tq05R8ZmSUeqQpCAO7ukhf10mJ6e9xNg7giNfzka7M8=
github.com/grandjam/wowchemy-widget-summaryCards v0.0.0-20210512011555-c150e419ab94/go.mod h1:HTH+eYO5dCgnoUOTGl+D9oBNxgCJNNghT6ZnR61DHF8=
github.com/grandjam/wowchemy-widget-summaryCards v0.0.0-20210512011709-22251a49bed3 h1:v0515MA5bLqq98ejt5XUnUPi3n1MFhOgTPaP6Gki6nA=
github.com/grandjam/wowchemy-widget-summaryCards v0.0.0-20210512011709-22251a49bed3/go.mod h1:HTH+eYO5dCgnoUOTGl+D9oBNxgCJNNghT6ZnR61DHF8=
github.com/grandjam/wowchemy-widget-summaryCards v0.0.0-20210512013829-753b15bdfdd6 h1:wZpI/Rs3sW9dNjnxNkjZNg6hGMX1v2WbgIiJGjKaL7Q=
github.com/grandjam/wowchemy-widget-summaryCards v0.0.0-20210512013829-753b15bdfdd6/go.mod h1:HTH+eYO5dCgnoUOTGl+D9oBNxgCJNNghT6ZnR61DHF8=
github.com/grandjam/wowchemy-widget-summaryCards v0.0.0-20210512014833-0c448ad1963c h1:v8wiFwQWc9NB7j7wcniKB6he0jktXMfJPSUMW/hGOSA=
github.com/grandjam/wowchemy-widget-summaryCards v0.0.0-20210512014833-0c448ad1963c/go.mod h1:HTH+eYO5dCgnoUOTGl+D9oBNxgCJNNghT6ZnR61DHF8=
github.com/grandjam/wowchemy-widget-summaryCards v0.0.0-20210512015956-d608bdafb862 h1:CqVAyj1uWKtCpVvPe2vQmuaFRDGq2g82JZVvW9arLSI=
github.com/grandjam/wowchemy-widget-summaryCards v0.0.0-20210512015956-d608bdafb862/go.mod h1:HTH+eYO5dCgnoUOTGl+D9oBNxgCJNNghT6ZnR61DHF8=
github.com/grandjam/wowchemy-widget-summaryCards v0.0.0-20210512022226-be2ec0beac1a h1:0D6FNvdQztz6zLrFa2G5Gq4xQ90LW8W1ZqqxR6HIvtI=
github.com/grandjam/wowchemy-widget-summaryCards v0.0.0-20210512022226-be2ec0beac1a/go.mod h1:HTH+eYO5dCgnoUOTGl+D9oBNxgCJNNghT6ZnR61DHF8=
github.com/grandjam/wowchemy-widget-summaryCards v0.0.0-20210512022643-c4b95a966b87 h1:CPoAmCCbuPBLq7FEio/W6rwZAv8zcz0BDr+rUw8D+YU=
github.com/grandjam/wowchemy-widget-summaryCards v0.0.0-20210512022643-c4b95a966b87/go.mod h1:HTH+eYO5dCgnoUOTGl+D9oBNxgCJNNghT6ZnR61DHF8=
github.com/grandjam/wowchemy-widget-summaryCards v0.0.0-20210512024120-fe54c4e048d0 h1:kQKICh5RrcL8RI/R6EFZEf27v6wuL6YfjRVmkrTL3pw=
github.com/grandjam/wowchemy-widget-summaryCards v0.0.0-20210512024120-fe54c4e048d0/go.mod h1:HTH+eYO5dCgnoUOTGl+D9oBNxgCJNNghT6ZnR61DHF8=
github.com/grandjam/wowchemy-widget-summaryCards v0.0.0-20210512024431-147f009867a4 h1:LqatgjSJHOSvX7DMVCSyybXZVd3VdTqX/smkSIePxIw=
github.com/grandjam/wowchemy-widget-summaryCards v0.0.0-20210512024431-147f009867a4/go.mod h1:HTH+eYO5dCgnoUOTGl+D9oBNxgCJNNghT6ZnR61DHF8=
github.com/grandjam/wowchemy-widget-summaryCards v0.0.0-20210512025547-16bb8476de21 h1:eaEwm2aws6B+CUWy1w05DEfsjJ2tJ78/HT57vToqvyw=
github.com/grandjam/wowchemy-widget-summaryCards v0.0.0-20210512025547-16bb8476de21/go.mod h1:HTH+eYO5dCgnoUOTGl+D9oBNxgCJNNghT6ZnR61DHF8=
github.com/grandjam/wowchemy-widget-summaryCards v0.0.0-20210512030311-73cf63672c77 h1:zzWLRnYQ/N7p6bZ/idjDpVHEkwAC/ohaFF/feS566Xo=
github.com/grandjam/wowchemy-widget-summaryCards v0.0.0-20210512030311-73cf63672c77/go.mod h1:HTH+eYO5dCgnoUOTGl+D9oBNxgCJNNghT6ZnR61DHF8=
github.com/grandjam/wowchemy-widget-summaryCards v0.0.0-20210512030415-dc7515492a29 h1:qoyVHVdguZSgatZGUAVOmVuqqUTkmjFPMya9j44h0Fw=
github.com/grandjam/wowchemy-widget-summaryCards v0.0.0-20210512030415-dc7515492a29/go.mod h1:HTH+eYO5dCgnoUOTGl+D9oBNxgCJNNghT6ZnR61DHF8=
github.com/grandjam/wowchemy-widget-summaryCards v0.0.0-20210512030525-1c8e311e3b81 h1:oy6WFnP5LmlN7xzZ84XeyxyNLm5yTnweNecivpiSfhM=
github.com/grandjam/wowchemy-widget-summaryCards v0.0.0-20210512030525-1c8e311e3b81/go.mod h1:HTH+eYO5dCgnoUOTGl+D9oBNxgCJNNghT6ZnR61DHF8=
github.com/grandjam/wowchemy-widget-summaryCards v0.0.0-20210512032340-c3b41ad0df39 h1:tWCpE77w0lLdxrwf2WFRKn6YloqdVWOjdqnmOR/EKA0=
github.com/grandjam/wowchemy-widget-summaryCards v0.0.0-20210512032340-c3b41ad0df39/go.mod h1:HTH+eYO5dCgnoUOTGl+D9oBNxgCJNNghT6ZnR61DHF8=
github.com/grandjam/wowchemy-widget-summaryCards v0.0.0-20210512032429-f481e6035d52 h1:mm4Q30e0tG/3B9JarZTP76S+2yTRSC85/ivPMxQLn6k=
github.com/grandjam/wowchemy-widget-summaryCards v0.0.0-20210512032429-f481e6035d52/go.mod h1:HTH+eYO5dCgnoUOTGl+D9oBNxgCJNNghT6ZnR61DHF8=
github.com/grandjam/wowchemy-widget-summaryCards v0.0.0-20210512032553-35946d91be1b h1:CLJv0+tYs9UaHPrG0lTlSVW+yN2B4tBnk0tppmIo3As=
github.com/grandjam/wowchemy-widget-summaryCards v0.0.0-20210512032553-35946d91be1b/go.mod h1:HTH+eYO5dCgnoUOTGl+D9oBNxgCJNNghT6ZnR61DHF8=
github.com/grandjam/wowchemy-widget-summaryCards v0.0.0-20210512032651-1badd9de33b6 h1:RN3YMb6HDyJEAoDAm1cBYBjtoc6IBmRg+2e6YfG9PQc=
github.com/grandjam/wowchemy-widget-summaryCards v0.0.0-20210512032651-1badd9de33b6/go.mod h1:HTH+eYO5dCgnoUOTGl+D9oBNxgCJNNghT6ZnR61DHF8=
github.com/grandjam/wowchemy-widget-summaryCards v0.0.0-20210512032748-92a67473fe9a h1:E/qzc2R0zGnXHEnxaxerzP8zBP73H5CDXZpkXVup3PU=
github.com/grandjam/wowchemy-widget-summaryCards v0.0.0-20210512032748-92a67473fe9a/go.mod h1:HTH+eYO5dCgnoUOTGl+D9oBNxgCJNNghT6ZnR61DHF8=
github.com/grandjam/wowchemy-widget-summaryCards v0.0.0-20210512033131-2bf19698a07e h1:4O8o2NX2O4Uz0ySPKYD8Qku/Xxi5EYrcfGbTPqV08Z8=
github.com/grandjam/wowchemy-widget-summaryCards v0.0.0-20210512033131-2bf19698a07e/go.mod h1:HTH+eYO5dCgnoUOTGl+D9oBNxgCJNNghT6ZnR61DHF8=
github.com/grandjam/wowchemy-widget-summaryCards v0.0.0-20210512033254-9a990f704d28 h1:j3hMWaQd2A1qv1dk6YWCi0awjVpM3ycjMwiG1lcqcsc=
github.com/grandjam/wowchemy-widget-summaryCards v0.0.0-20210512033254-9a990f704d28/go.mod h1:HTH+eYO5dCgnoUOTGl+D9oBNxgCJNNghT6ZnR61DHF8=
github.com/grandjam/wowchemy-widget-summaryCards v0.0.0-20210512033355-e6f5075abaa6 h1:uAvGFw3MDjXJ042QxdZjXDZuy2jPv2ia0lyjpextJDA=
github.com/grandjam/wowchemy-widget-summaryCards v0.0.0-20210512033355-e6f5075abaa6/go.mod h1:HTH+eYO5dCgnoUOTGl+D9oBNxgCJNNghT6ZnR61DHF8=
github.com/grandjam/wowchemy-widget-summaryCards v0.0.0-20210512033604-4d8c1de06690 h1:B+y7zdeJGpM7kRajXeF+8aNa4VhS2WvGJ87aDOnyW5w=
github.com/grandjam/wowchemy-widget-summaryCards v0.0.0-20210512033604-4d8c1de06690/go.mod h1:HTH+eYO5dCgnoUOTGl+D9oBNxgCJNNghT6ZnR61DHF8=
github.com/grandjam/wowchemy-widget-summaryCards v0.0.0-20210512033642-0c0474718d8c h1:ZH8qZcaHiP34rSGIk6rUvC84DGzl8LDKFiYSsz3DoIU=
github.com/grandjam/wowchemy-widget-summaryCards v0.0.0-20210512033642-0c0474718d8c/go.mod h1:HTH+eYO5dCgnoUOTGl+D9oBNxgCJNNghT6ZnR61DHF8=
github.com/grandjam/wowchemy-widget-summaryCards v0.0.0-20210512033729-b5074f3cd466 h1:QM9BLsNy9eySYlCJsb6DXmQDgoljw6ZQxtZ5k5WXVxo=
github.com/grandjam/wowchemy-widget-summaryCards v0.0.0-20210512033729-b5074f3cd466/go.mod h1:HTH+eYO5dCgnoUOTGl+D9oBNxgCJNNghT6ZnR61DHF8=
github.com/grandjam/wowchemy-widget-summaryCards v0.0.0-20210512034233-4d4944478ce4 h1:iL1yoqPL+hlD2QO/BwznIka34ck/aQwP8s8HqpK8RDE=
github.com/grandjam/wowchemy-widget-summaryCards v0.0.0-20210512034233-4d4944478ce4/go.mod h1:HTH+eYO5dCgnoUOTGl+D9oBNxgCJNNghT6ZnR61DHF8=
github.com/grandjam/wowchemy-widget-summaryCards v0.0.0-20210512034320-c55b27179c68 h1:zt5WF65eEMQqlEMXD0hNIk4J/d75xfUR5hPGOqrMokk=
github.com/grandjam/wowchemy-widget-summaryCards v0.0.0-20210512034320-c55b27179c68/go.mod h1:HTH+eYO5dCgnoUOTGl+D9oBNxgCJNNghT6ZnR61DHF8=
github.com/grandjam/wowchemy-widget-summaryCards v0.0.0-20210512134527-081d3a92bce5 h1:1R99QbQqTXWv6hsvE3QnSOjMbQtYdXWrOXB/SZkDRho=
github.com/grandjam/wowchemy-widget-summaryCards v0.0.0-20210512134527-081d3a92bce5/go.mod h1:HTH+eYO5dCgnoUOTGl+D9oBNxgCJNNghT6ZnR61DHF8=
github.com/grandjam/wowchemy-widget-summaryCards v0.0.0-20210512134642-572992112456 h1:rHtaOjPhNg385P0T1CBsZICy1nqmc2iokQhYaSyEiv4=
github.com/grandjam/wowchemy-widget-summaryCards v0.0.0-20210512134642-572992112456/go.mod h1:HTH+eYO5dCgnoUOTGl+D9oBNxgCJNNghT6ZnR61DHF8=
github.com/grandjam/wowchemy-widget-summaryCards v0.0.0-20210512140844-b6f2d2d7a302 h1:pgaFrIURlDVn4wduVkCdqgE+j3JvHd8JuW9rX6bz7PE=
github.com/grandjam/wowchemy-widget-summaryCards v0.0.0-20210512140844-b6f2d2d7a302/go.mod h1:HTH+eYO5dCgnoUOTGl+D9oBNxgCJNNghT6ZnR61DHF8=
github.com/grandjam/wowchemy-widget-summaryCards v0.0.0-20210513000613-750f6dba111e h1:1Xnk8uIFoSvbZYr1t8tqjIibw6KbsQwiZqDbeanA23M=
github.com/grandjam/wowchemy-widget-summaryCards v0.0.0-20210513000613-750f6dba111e/go.mod h1:HTH+eYO5dCgnoUOTGl+D9oBNxgCJNNghT6ZnR61DHF8=
github.com/grandjam/wowchemy-widget-summaryCards v0.0.0-20210513001016-e01b05554100 h1:TAUUF/OcRpVZ4KR+W+l65lChKE6Kta6Vi4EhIy+qYPI=
github.com/grandjam/wowchemy-widget-summaryCards v0.0.0-20210513001016-e01b05554100/go.mod h1:HTH+eYO5dCgnoUOTGl+D9oBNxgCJNNghT6ZnR61DHF8=
github.com/grandjam/wowchemy-widget-summaryCards v0.0.0-20210513001119-9d75d6c8c998 h1:tZtD6E1n1dQ6BZzhEC+P8sETz7t7pdNsnfvnpJjne+0=
github.com/grandjam/wowchemy-widget-summaryCards v0.0.0-20210513001119-9d75d6c8c998/go.mod h1:HTH+eYO5dCgnoUOTGl+D9oBNxgCJNNghT6ZnR61DHF8=
github.com/grandjam/wowchemy-widget-summaryCards v0.0.0-20210513002741-129f18969088 h1:X+a6/KuC/lI0Qi2lLwCzZiHZHClo1vMaBwQzgeuFB6c=
github.com/grandjam/wowchemy-widget-summaryCards v0.0.0-20210513002741-129f18969088/go.mod h1:HTH+eYO5dCgnoUOTGl+D9oBNxgCJNNghT6ZnR61DHF8=
github.com/grandjam/wowchemy-widget-summaryCards v0.0.0-20210513002849-a5bb4292f9f9 h1:4sRKE54tj4udS8NupWyVrrELWSP9VHlXY/gK+fAnGOw=
github.com/grandjam/wowchemy-widget-summaryCards v0.0.0-20210513002849-a5bb4292f9f9/go.mod h1:HTH+eYO5dCgnoUOTGl+D9oBNxgCJNNghT6ZnR61DHF8=
github.com/grandjam/wowchemy-widget-summaryCards v0.0.0-20210513004546-11a6f62c3571 h1:vzsRDXx5Pzki5k8DLvcUdktN79ZehKHiKz7R8A9xQbM=
github.com/grandjam/wowchemy-widget-summaryCards v0.0.0-20210513004546-11a6f62c3571/go.mod h1:HTH+eYO5dCgnoUOTGl+D9oBNxgCJNNghT6ZnR61DHF8=
github.com/grandjam/wowchemy-widget-summaryCards v0.0.0-20210513004957-b4466d2c8c76 h1:+Er13up+H7dtyTCJ9AOnr5wO9HSnvf57dZmLhlu4MnM=
github.com/grandjam/wowchemy-widget-summaryCards v0.0.0-20210513004957-b4466d2c8c76/go.mod h1:HTH+eYO5dCgnoUOTGl+D9oBNxgCJNNghT6ZnR61DHF8=
github.com/grandjam/wowchemy-widget-summaryCards v0.0.0-20210513011523-2a19df053f23 h1:50TwQs65fGyaTXzNOZbdMz9b6pZ1Rh6pV1px/Io51hg=
github.com/grandjam/wowchemy-widget-summaryCards v0.0.0-20210513011523-2a19df053f23/go.mod h1:HTH+eYO5dCgnoUOTGl+D9oBNxgCJNNghT6ZnR61DHF8=
github.com/grandjam/wowchemy-widget-summaryCards v0.0.0-20210513011942-c204de6c53a7 h1:cf4QU9nKYW1r9VcuNw9NIPT/gRBAO5dlZm60XzgwHo4=
github.com/grandjam/wowchemy-widget-summaryCards v0.0.0-20210513011942-c204de6c53a7/go.mod h1:HTH+eYO5dCgnoUOTGl+D9oBNxgCJNNghT6ZnR61DHF8=
github.com/grandjam/wowchemy-widget-summaryCards v0.0.0-20210513014935-ecdb1063779b h1:Udaa0PgucrpQ5ofK/h3bV1eADI4CA7PuiZ507p2IhwM=
github.com/grandjam/wowchemy-widget-summaryCards v0.0.0-20210513014935-ecdb1063779b/go.mod h1:HTH+eYO5dCgnoUOTGl+D9oBNxgCJNNghT6ZnR61DHF8=
github.com/grandjam/wowchemy-widget-summaryCards v0.0.0-20210513015104-7a852def902a h1:eyUdbQiRgeUDeabIzrXaTCirGzcI+IZwWsXn8VP0gF0=
github.com/grandjam/wowchemy-widget-summaryCards v0.0.0-20210513015104-7a852def902a/go.mod h1:HTH+eYO5dCgnoUOTGl+D9oBNxgCJNNghT6ZnR61DHF8=
github.com/grandjam/wowchemy-widget-summaryCards v0.0.0-20210513021629-2fad920bbcbd h1:PMFK5oKLVLSeD5pF1lsUFPJTEGEoOlt6BwK06aMsR0U=
github.com/grandjam/wowchemy-widget-summaryCards v0.0.0-20210513021629-2fad920bbcbd/go.mod h1:HTH+eYO5dCgnoUOTGl+D9oBNxgCJNNghT6ZnR61DHF8=
github.com/grandjam/wowchemy-widget-summaryCards v0.0.0-20210513022756-621f66b2374b h1:QQzQBrjP3oU6tGXd0x6tkcZOP/pcYvQQPRuH6D5nUB0=
github.com/grandjam/wowchemy-widget-summaryCards v0.0.0-20210513022756-621f66b2374b/go.mod h1:HTH+eYO5dCgnoUOTGl+D9oBNxgCJNNghT6ZnR61DHF8=
github.com/grandjam/wowchemy-widget-summaryCards v0.0.0-20210513022916-131765534b23 h1:pBrgaZICCxH7Mh34rVdumUSQjYBdgWNiyqTPb0W903A=
github.com/grandjam/wowchemy-widget-summaryCards v0.0.0-20210513022916-131765534b23/go.mod h1:HTH+eYO5dCgnoUOTGl+D9oBNxgCJNNghT6ZnR61DHF8=
github.com/grandjam/wowchemy-widget-summaryCards v0.0.0-20210513023012-ec63b01d6a5d h1:+WgkNvpySQC22fFRYEpRbqqdDDETjz/XV5ZdKqSsK4M=
github.com/grandjam/wowchemy-widget-summaryCards v0.0.0-20210513023012-ec63b01d6a5d/go.mod h1:HTH+eYO5dCgnoUOTGl+D9oBNxgCJNNghT6ZnR61DHF8=
github.com/grandjam/wowchemy-widget-summaryCards v0.0.0-20210513023103-f4b5686e95ed h1:B0ViufTngz7QLFP1EYULqO7FNw9LPEhsWgscSU2D6oU=
github.com/grandjam/wowchemy-widget-summaryCards v0.0.0-20210513023103-f4b5686e95ed/go.mod h1:HTH+eYO5dCgnoUOTGl+D9oBNxgCJNNghT6ZnR61DHF8=
github.com/grandjam/wowchemy-widget-summaryCards v0.0.0-20210513023727-e380c7a4c15a h1:fBuL+VgTv7zEZ2H3nR85NkK+u8evuoJJxqeiAyi67DU=
github.com/grandjam/wowchemy-widget-summaryCards v0.0.0-20210513023727-e380c7a4c15a/go.mod h1:HTH+eYO5dCgnoUOTGl+D9oBNxgCJNNghT6ZnR61DHF8=
github.com/grandjam/wowchemy-widget-summaryCards v0.0.0-20210513024111-18979a297410 h1:PESICR11D2aX/JY2usOD5Mt+ZPoVQ2DJ7S2KiDbXIUc=
github.com/grandjam/wowchemy-widget-summaryCards v0.0.0-20210513024111-18979a297410/go.mod h1:HTH+eYO5dCgnoUOTGl+D9oBNxgCJNNghT6ZnR61DHF8=
github.com/grandjam/wowchemy-widget-summaryCards v0.0.0-20210513024439-61cdb2341a00 h1:mLwr6R0BNesjHiK4KJDeluMgave3i0EuH30jsOfQRGE=
github.com/grandjam/wowchemy-widget-summaryCards v0.0.0-20210513024439-61cdb2341a00/go.mod h1:HTH+eYO5dCgnoUOTGl+D9oBNxgCJNNghT6ZnR61DHF8=
github.com/grandjam/wowchemy-widget-summaryCards v0.0.0-20210513024639-7d85501a6b6b h1:Cv5J+WG+6DAAXEk8lsC6z6b75nHjaK31FZrYwLvgKX4=
github.com/grandjam/wowchemy-widget-summaryCards v0.0.0-20210513024639-7d85501a6b6b/go.mod h1:HTH+eYO5dCgnoUOTGl+D9oBNxgCJNNghT6ZnR61DHF8=
github.com/grandjam/wowchemy-widget-summaryCards v0.0.0-20210513024746-e8ed2d0353c1 h1:jQ97AXoU4aG8iZbzm/zIhVGj8O306zT17kubQGaEX5Y=
github.com/grandjam/wowchemy-widget-summaryCards v0.0.0-20210513024746-e8ed2d0353c1/go.mod h1:HTH+eYO5dCgnoUOTGl+D9oBNxgCJNNghT6ZnR61DHF8=
github.com/grandjam/wowchemy-widget-summaryCards v0.0.0-20210513025657-7968da493e90 h1:yOp+BP2WTC/HjQbIIs/RvF2UXznJugBSdFjrXRI4FjU=
github.com/grandjam/wowchemy-widget-summaryCards v0.0.0-20210513025657-7968da493e90/go.mod h1:HTH+eYO5dCgnoUOTGl+D9oBNxgCJNNghT6ZnR61DHF8=
github.com/grandjam/wowchemy-widget-summaryCards v0.0.0-20210513025834-64fcb519844f h1:nvif2ibZ9j5G8YoVqZAJAeFIJ1wU/s++QUnngkItWG8=
github.com/grandjam/wowchemy-widget-summaryCards v0.0.0-20210513025834-64fcb519844f/go.mod h1:HTH+eYO5dCgnoUOTGl+D9oBNxgCJNNghT6ZnR61DHF8=
github.com/grandjam/wowchemy-widget-summaryCards v0.0.0-20210513153143-3fe00421fe07 h1:M+R0aC/1mjqIPu9jOM+45ZzcXB7J0LRn3poIlcC8pK0=
github.com/grandjam/wowchemy-widget-summaryCards v0.0.0-20210513153143-3fe00421fe07/go.mod h1:HTH+eYO5dCgnoUOTGl+D9oBNxgCJNNghT6ZnR61DHF8=
github.com/grandjam/wowchemy-widget-summaryCards v0.0.0-20210513171723-8462337dad20 h1:FR7Xg729E7KWfQ4Z0ySV86amWzJOBn0DI0DNdcDJyVc=
github.com/grandjam/wowchemy-widget-summaryCards v0.0.0-20210513171723-8462337dad20/go.mod h1:HTH+eYO5dCgnoUOTGl+D9oBNxgCJNNghT6ZnR61DHF8=
github.com/grandjam/wowchemy-widget-summaryCards v0.0.0-20210513171919-4665f7205eae h1:jM5M23mQTicb2jHOZOWythUkjVw8OUpIgJTDZaLiuCA=
github.com/grandjam/wowchemy-widget-summaryCards v0.0.0-20210513171919-4665f7205eae/go.mod h1:HTH+eYO5dCgnoUOTGl+D9oBNxgCJNNghT6ZnR61DHF8=
github.com/wowchemy/wowchemy-hugo-modules/wowchemy v0.0.0-20210425191248-0afcc81296de h1:mHQIJmHZXFEqPmH4cUCFfNVUds1hBPUtTHVMMYeopn0=
github.com/wowchemy/wowchemy-hugo-modules/wowchemy v0.0.0-20210425191248-0afcc81296de/go.mod h1:H22qfH9qj3FWwsk7+bAZpmT24yRGNQURah2/IRwjbn8=
github.com/wowchemy/wowchemy-hugo-modules/wowchemy-cms v0.0.0-20210425191248-0afcc81296de h1:J7MkieFVezVdQHtAvCOvAAaUv83oVMRqWzt7qkkUlPw=
github.com/wowchemy/wowchemy-hugo-modules/wowchemy-cms v0.0.0-20210425191248-0afcc81296de/go.mod h1:AKpYbqUVlj0VYsc7Jsxe1o8Ko2yV31A5ZPdfpACcXJw=
